
Microsoft Visual Studio Solution File, Format Version 12.00
# Visual Studio 14
VisualStudioVersion = 14.0.23107.0
MinimumVisualStudioVersion = 10.0.40219.1
Project("{FAE04EC0-301F-11D3-BF4B-00C04F79EFBC}") = "Konvolucio.MCAP161217", "Konvolucio.MCAP161217\Konvolucio.MCAP161217.csproj", "{8D63D1E5-D0E4-4080-8299-FC3FAF5F404B}"
EndProject
Global
	GlobalSection(SolutionConfigurationPlatforms) = preSolution
		Debug|Any CPU = Debug|Any CPU
		Release|Any CPU = Release|Any CPU
	EndGlobalSection
	GlobalSection(ProjectConfigurationPlatforms) = postSolution
		{8D63D1E5-D0E4-4080-8299-FC3FAF5F404B}.Debug|Any CPU.ActiveCfg = Debug|Any CPU
		{8D63D1E5-D0E4-4080-8299-FC3FAF5F404B}.Debug|Any CPU.Build.0 = Debug|Any CPU
		{8D63D1E5-D0E4-4080-8299-FC3FAF5F404B}.Release|Any CPU.ActiveCfg = Release|Any CPU
		{8D63D1E5-D0E4-4080-8299-FC3FAF5F404B}.Release|Any CPU.Build.0 = Release|Any CPU
	EndGlobalSection
	GlobalSection(SolutionProperties) = preSolution
		HideSolutionNode = FALSE
	EndGlobalSection
EndGlobal
